PODS:
  - Expecta (1.0.0)
  - OCMock (3.1.2)
  - Specta (0.2.1)

DEPENDENCIES:
  - Expecta
  - OCMock
  - Specta (~> 0.2.1)

SPEC CHECKSUMS:
  Expecta: 32604574add2c46a36f8d2f716b6c5736eb75024
  OCMock: a10ea9f0a6e921651f96f78b6faee95ebc813b92
  Specta: 15a276a6343867b426d5ed135d5aa4d04123a573

COCOAPODS: 0.37.2
